// !$*UTF8*$!
{
	archiveVersion = 1;
	classes = {
	};
	objectVersion = 46;
	objects = {

/* Begin PBXBuildFile section */
		7B1C1A52141E808600F9CD17 /* Cocoa.framework in Frameworks */ = {isa = PBXBuildFile; fileRef = 7B1C1A51141E808600F9CD17 /* Cocoa.framework */; };
		7B1C1A81141E822900F9CD17 /* APPivotalTrackerAuthToken.h in Headers */ = {isa = PBXBuildFile; fileRef = 7B1C1A7F141E822900F9CD17 /* APPivotalTrackerAuthToken.h */; };
		7B1C1A82141E822900F9CD17 /* APPivotalTrackerAuthToken.m in Sources */ = {isa = PBXBuildFile; fileRef = 7B1C1A80141E822900F9CD17 /* APPivotalTrackerAuthToken.m */; };
		7B1C1A96141EBA0100F9CD17 /* NSString+URLEncoded.h in Headers */ = {isa = PBXBuildFile; fileRef = 7B1C1A94141EBA0100F9CD17 /* NSString+URLEncoded.h */; };
		7B1C1A97141EBA0100F9CD17 /* NSString+URLEncoded.m in Sources */ = {isa = PBXBuildFile; fileRef = 7B1C1A95141EBA0100F9CD17 /* NSString+URLEncoded.m */; };
/* End PBXBuildFile section */

/* Begin PBXFileReference section */
		7B1C1A4E141E808600F9CD17 /* libpivotal-objc.a */ = {isa = PBXFileReference; explicitFileType = archive.ar; includeInIndex = 0; path = "libpivotal-objc.a"; sourceTree = BUILT_PRODUCTS_DIR; };
		7B1C1A51141E808600F9CD17 /* Cocoa.framework */ = {isa = PBXFileReference; lastKnownFileType = wrapper.framework; name = Cocoa.framework; path = System/Library/Frameworks/Cocoa.framework; sourceTree = SDKROOT; };
		7B1C1A54141E808600F9CD17 /* AppKit.framework */ = {isa = PBXFileReference; lastKnownFileType = wrapper.framework; name = AppKit.framework; path = System/Library/Frameworks/AppKit.framework; sourceTree = SDKROOT; };
		7B1C1A55141E808600F9CD17 /* CoreData.framework */ = {isa = PBXFileReference; lastKnownFileType = wrapper.framework; name = CoreData.framework; path = System/Library/Frameworks/CoreData.framework; sourceTree = SDKROOT; };
		7B1C1A56141E808600F9CD17 /* Foundation.framework */ = {isa = PBXFileReference; lastKnownFileType = wrapper.framework; name = Foundation.framework; path = System/Library/Frameworks/Foundation.framework; sourceTree = SDKROOT; };
		7B1C1A59141E808600F9CD17 /* APPivotal.pch */ = {isa = PBXFileReference; lastKnownFileType = sourcecode.c.h; path = APPivotal.pch; sourceTree = "<group>"; };
		7B1C1A63141E808600F9CD17 /* SenTestingKit.framework */ = {isa = PBXFileReference; lastKnownFileType = wrapper.framework; name = SenTestingKit.framework; path = Library/Frameworks/SenTestingKit.framework; sourceTree = DEVELOPER_DIR; };
		7B1C1A7F141E822900F9CD17 /* APPivotalTrackerAuthToken.h */ = {isa = PBXFileReference; fileEncoding = 4; lastKnownFileType = sourcecode.c.h; path = APPivotalTrackerAuthToken.h; sourceTree = "<group>"; };
		7B1C1A80141E822900F9CD17 /* APPivotalTrackerAuthToken.m */ = {isa = PBXFileReference; fileEncoding = 4; lastKnownFileType = sourcecode.c.objc; path = APPivotalTrackerAuthToken.m; sourceTree = "<group>"; };
		7B1C1A94141EBA0100F9CD17 /* NSString+URLEncoded.h */ = {isa = PBXFileReference; fileEncoding = 4; lastKnownFileType = sourcecode.c.h; path = "NSString+URLEncoded.h"; sourceTree = "<group>"; };
		7B1C1A95141EBA0100F9CD17 /* NSString+URLEncoded.m */ = {isa = PBXFileReference; fileEncoding = 4; lastKnownFileType = sourcecode.c.objc; path = "NSString+URLEncoded.m"; sourceTree = "<group>"; };
/* End PBXFileReference section */

/* Begin PBXFrameworksBuildPhase section */
		7B1C1A4B141E808600F9CD17 /* Frameworks */ = {
			isa = PBXFrameworksBuildPhase;
			buildActionMask = 2147483647;
			files = (
				7B1C1A52141E808600F9CD17 /* Cocoa.framework in Frameworks */,
			);
			runOnlyForDeploymentPostprocessing = 0;
		};
/* End PBXFrameworksBuildPhase section */

/* Begin PBXGroup section */
		7B1C1A43141E808600F9CD17 = {
			isa = PBXGroup;
			children = (
				7B1C1A57141E808600F9CD17 /* pivotal-objc */,
				7B1C1A50141E808600F9CD17 /* Frameworks */,
				7B1C1A4F141E808600F9CD17 /* Products */,
			);
			sourceTree = "<group>";
		};
		7B1C1A4F141E808600F9CD17 /* Products */ = {
			isa = PBXGroup;
			children = (
				7B1C1A4E141E808600F9CD17 /* libpivotal-objc.a */,
			);
			name = Products;
			sourceTree = "<group>";
		};
		7B1C1A50141E808600F9CD17 /* Frameworks */ = {
			isa = PBXGroup;
			children = (
				7B1C1A51141E808600F9CD17 /* Cocoa.framework */,
				7B1C1A63141E808600F9CD17 /* SenTestingKit.framework */,
				7B1C1A53141E808600F9CD17 /* Other Frameworks */,
			);
			name = Frameworks;
			sourceTree = "<group>";
		};
		7B1C1A53141E808600F9CD17 /* Other Frameworks */ = {
			isa = PBXGroup;
			children = (
				7B1C1A54141E808600F9CD17 /* AppKit.framework */,
				7B1C1A55141E808600F9CD17 /* CoreData.framework */,
				7B1C1A56141E808600F9CD17 /* Foundation.framework */,
			);
			name = "Other Frameworks";
			sourceTree = "<group>";
		};
		7B1C1A57141E808600F9CD17 /* pivotal-objc */ = {
			isa = PBXGroup;
			children = (
				7B1C1A94141EBA0100F9CD17 /* NSString+URLEncoded.h */,
				7B1C1A95141EBA0100F9CD17 /* NSString+URLEncoded.m */,
				7B1C1A7F141E822900F9CD17 /* APPivotalTrackerAuthToken.h */,
				7B1C1A80141E822900F9CD17 /* APPivotalTrackerAuthToken.m */,
				7B1C1A58141E808600F9CD17 /* Supporting Files */,
			);
			path = "pivotal-objc";
			sourceTree = "<group>";
		};
		7B1C1A58141E808600F9CD17 /* Supporting Files */ = {
			isa = PBXGroup;
			children = (
				7B1C1A59141E808600F9CD17 /* APPivotal.pch */,
			);
			name = "Supporting Files";
			sourceTree = "<group>";
		};
/* End PBXGroup section */

/* Begin PBXHeadersBuildPhase section */
		7B1C1A4C141E808600F9CD17 /* Headers */ = {
			isa = PBXHeadersBuildPhase;
			buildActionMask = 2147483647;
			files = (
				7B1C1A81141E822900F9CD17 /* APPivotalTrackerAuthToken.h in Headers */,
				7B1C1A96141EBA0100F9CD17 /* NSString+URLEncoded.h in Headers */,
			);
			runOnlyForDeploymentPostprocessing = 0;
		};
/* End PBXHeadersBuildPhase section */

/* Begin PBXNativeTarget section */
		7B1C1A4D141E808600F9CD17 /* pivotal-objc */ = {
			isa = PBXNativeTarget;
			buildConfigurationList = 7B1C1A75141E808600F9CD17 /* Build configuration list for PBXNativeTarget "pivotal-objc" */;
			buildPhases = (
				7B1C1A4A141E808600F9CD17 /* Sources */,
				7B1C1A4B141E808600F9CD17 /* Frameworks */,
				7B1C1A4C141E808600F9CD17 /* Headers */,
			);
			buildRules = (
			);
			dependencies = (
			);
			name = "pivotal-objc";
			productName = "pivotal-objc";
			productReference = 7B1C1A4E141E808600F9CD17 /* libpivotal-objc.a */;
			productType = "com.apple.product-type.library.static";
		};
/* End PBXNativeTarget section */

/* Begin PBXProject section */
		7B1C1A45141E808600F9CD17 /* Project object */ = {
			isa = PBXProject;
			attributes = {
				ORGANIZATIONNAME = "Adapter Pattern";
			};
			buildConfigurationList = 7B1C1A48141E808600F9CD17 /* Build configuration list for PBXProject "pivotal-objc" */;
			compatibilityVersion = "Xcode 3.2";
			developmentRegion = English;
			hasScannedForEncodings = 0;
			knownRegions = (
				en,
			);
			mainGroup = 7B1C1A43141E808600F9CD17;
			productRefGroup = 7B1C1A4F141E808600F9CD17 /* Products */;
			projectDirPath = "";
			projectRoot = "";
			targets = (
				7B1C1A4D141E808600F9CD17 /* pivotal-objc */,
			);
		};
/* End PBXProject section */

/* Begin PBXSourcesBuildPhase section */
		7B1C1A4A141E808600F9CD17 /* Sources */ = {
			isa = PBXSourcesBuildPhase;
			buildActionMask = 2147483647;
			files = (
				7B1C1A82141E822900F9CD17 /* APPivotalTrackerAuthToken.m in Sources */,
				7B1C1A97141EBA0100F9CD17 /* NSString+URLEncoded.m in Sources */,
			);
			runOnlyForDeploymentPostprocessing = 0;
		};
/* End PBXSourcesBuildPhase section */

/* Begin XCBuildConfiguration section */
		7B1C1A73141E808600F9CD17 /* Debug */ = {
			isa = XCBuildConfiguration;
			buildSettings = {
				ALWAYS_SEARCH_USER_PATHS = NO;
				ARCHS = "$(ARCHS_STANDARD_64_BIT)";
				COPY_PHASE_STRIP = NO;
				GCC_C_LANGUAGE_STANDARD = gnu99;
				GCC_DYNAMIC_NO_PIC = NO;
				GCC_ENABLE_OBJC_EXCEPTIONS = YES;
				GCC_OPTIMIZATION_LEVEL = 0;
				GCC_PREPROCESSOR_DEFINITIONS = (
					"DEBUG=1",
					"$(inherited)",
				);
				GCC_SYMBOLS_PRIVATE_EXTERN = NO;
				GCC_VERSION = com.apple.compilers.llvm.clang.1_0;
				GCC_WARN_64_TO_32_BIT_CONVERSION = YES;
				GCC_WARN_ABOUT_MISSING_PROTOTYPES = YES;
				GCC_WARN_ABOUT_RETURN_TYPE = YES;
				GCC_WARN_UNUSED_VARIABLE = YES;
				MACOSX_DEPLOYMENT_TARGET = 10.7;
				ONLY_ACTIVE_ARCH = YES;
				SDKROOT = macosx;
			};
			name = Debug;
		};
		7B1C1A74141E808600F9CD17 /* Release */ = {
			isa = XCBuildConfiguration;
			buildSettings = {
				ALWAYS_SEARCH_USER_PATHS = NO;
				ARCHS = "$(ARCHS_STANDARD_64_BIT)";
				COPY_PHASE_STRIP = YES;
				DEBUG_INFORMATION_FORMAT = "dwarf-with-dsym";
				GCC_C_LANGUAGE_STANDARD = gnu99;
				GCC_ENABLE_OBJC_EXCEPTIONS = YES;
				GCC_VERSION = com.apple.compilers.llvm.clang.1_0;
				GCC_WARN_64_TO_32_BIT_CONVERSION = YES;
				GCC_WARN_ABOUT_MISSING_PROTOTYPES = YES;
				GCC_WARN_ABOUT_RETURN_TYPE = YES;
				GCC_WARN_UNUSED_VARIABLE = YES;
				MACOSX_DEPLOYMENT_TARGET = 10.7;
				SDKROOT = macosx;
			};
			name = Release;
		};
		7B1C1A76141E808600F9CD17 /* Debug */ = {
			isa = XCBuildConfiguration;
			buildSettings = {
				GCC_PRECOMPILE_PREFIX_HEADER = YES;
				GCC_PREFIX_HEADER = "pivotal-objc/pivotal-objc-Prefix.pch";
				PRODUCT_NAME = "$(TARGET_NAME)";
			};
			name = Debug;
		};
		7B1C1A77141E808600F9CD17 /* Release */ = {
			isa = XCBuildConfiguration;
			buildSettings = {
				GCC_PRECOMPILE_PREFIX_HEADER = YES;
				GCC_PREFIX_HEADER = "pivotal-objc/pivotal-objc-Prefix.pch";
				PRODUCT_NAME = "$(TARGET_NAME)";
			};
			name = Release;
		};
/* End XCBuildConfiguration section */

/* Begin XCConfigurationList section */
		7B1C1A48141E808600F9CD17 /* Build configuration list for PBXProject "pivotal-objc" */ = {
			isa = XCConfigurationList;
			buildConfigurations = (
				7B1C1A73141E808600F9CD17 /* Debug */,
				7B1C1A74141E808600F9CD17 /* Release */,
			);
			defaultConfigurationIsVisible = 0;
			defaultConfigurationName = Release;
		};
		7B1C1A75141E808600F9CD17 /* Build configuration list for PBXNativeTarget "pivotal-objc" */ = {
			isa = XCConfigurationList;
			buildConfigurations = (
				7B1C1A76141E808600F9CD17 /* Debug */,
				7B1C1A77141E808600F9CD17 /* Release */,
			);
			defaultConfigurationIsVisible = 0;
			defaultConfigurationName = Release;
		};
/* End XCConfigurationList section */
	};
	rootObject = 7B1C1A45141E808600F9CD17 /* Project object */;
}
